// !$*UTF8*$!
{
	archiveVersion = 1;
	classes = {
	};
	objectVersion = 46;
	objects = {

/* Begin PBXBuildFile section */
		C28DF8EB166B545200A56DA2 /* sad_clouds.png in Resources */ = {isa = PBXBuildFile; fileRef = C28DF8E8166B545200A56DA2 /* sad_clouds.png */; };
		C28DF8EC166B545200A56DA2 /* sad_lightning.png in Resources */ = {isa = PBXBuildFile; fileRef = C28DF8E9166B545200A56DA2 /* sad_lightning.png */; };
		C28DF8ED166B545200A56DA2 /* sad_snow.png in Resources */ = {isa = PBXBuildFile; fileRef = C28DF8EA166B545200A56DA2 /* sad_snow.png */; };
		C28DF8F0166B74DF00A56DA2 /* fog.png in Resources */ = {isa = PBXBuildFile; fileRef = C28DF8EF166B74DF00A56DA2 /* fog.png */; };
		C28DF8F2166B757500A56DA2 /* sad_ice.png in Resources */ = {isa = PBXBuildFile; fileRef = C28DF8F1166B757500A56DA2 /* sad_ice.png */; };
		C28DF8F4166B792C00A56DA2 /* 57icon.png in Resources */ = {isa = PBXBuildFile; fileRef = C28DF8F3166B792C00A56DA2 /* 57icon.png */; };
		C28DF8F6166B793100A56DA2 /* 114icon.png in Resources */ = {isa = PBXBuildFile; fileRef = C28DF8F5166B793100A56DA2 /* 114icon.png */; };
		C28DF8F8166B7F1300A56DA2 /* Default.png in Resources */ = {isa = PBXBuildFile; fileRef = C28DF8F7166B7F1300A56DA2 /* Default.png */; };
		C28DF8FA166B7F1500A56DA2 /* Default@2x.png in Resources */ = {isa = PBXBuildFile; fileRef = C28DF8F9166B7F1500A56DA2 /* Default@2x.png */; };
		C29E16E1166A25C400C5B7BD /* climate_class.plist in Resources */ = {isa = PBXBuildFile; fileRef = C29E16E0166A25C400C5B7BD /* climate_class.plist */; };
		C29E171F166A9A7200C5B7BD /* melting_sun.png in Resources */ = {isa = PBXBuildFile; fileRef = C29E171E166A9A7200C5B7BD /* melting_sun.png */; };
		C29E1721166A9FFF00C5B7BD /* sad_rain.png in Resources */ = {isa = PBXBuildFile; fileRef = C29E1720166A9FFF00C5B7BD /* sad_rain.png */; };
		C2A9EB58165C279700B8CAFA /* Default-568h@2x.png in Resources */ = {isa = PBXBuildFile; fileRef = C2A9EB57165C279700B8CAFA /* Default-568h@2x.png */; };
		C2A9EB5C165E7E8F00B8CAFA /* WeatherData.m in Sources */ = {isa = PBXBuildFile; fileRef = C2A9EB5B165E7E8F00B8CAFA /* WeatherData.m */; };
		C2DBD3F115DEDE650076104E /* UIKit.framework in Frameworks */ = {isa = PBXBuildFile; fileRef = C2DBD3F015DEDE650076104E /* UIKit.framework */; };
		C2DBD3F315DEDE650076104E /* Foundation.framework in Frameworks */ = {isa = PBXBuildFile; fileRef = C2DBD3F215DEDE650076104E /* Foundation.framework */; };
		C2DBD3F515DEDE650076104E /* CoreGraphics.framework in Frameworks */ = {isa = PBXBuildFile; fileRef = C2DBD3F415DEDE650076104E /* CoreGraphics.framework */; };
		C2DBD3FB15DEDE650076104E /* InfoPlist.strings in Resources */ = {isa = PBXBuildFile; fileRef = C2DBD3F915DEDE650076104E /* InfoPlist.strings */; };
		C2DBD3FD15DEDE650076104E /* main.m in Sources */ = {isa = PBXBuildFile; fileRef = C2DBD3FC15DEDE650076104E /* main.m */; };
		C2DBD40115DEDE650076104E /* WeatherPessimistAppDelegate.m in Sources */ = {isa = PBXBuildFile; fileRef = C2DBD40015DEDE650076104E /* WeatherPessimistAppDelegate.m */; };
		C2DBD40415DEDE650076104E /* MainStoryboard.storyboard in Resources */ = {isa = PBXBuildFile; fileRef = C2DBD40215DEDE650076104E /* MainStoryboard.storyboard */; };
		C2DBD40715DEDE650076104E /* WeatherPessimistViewController.m in Sources */ = {isa = PBXBuildFile; fileRef = C2DBD40615DEDE650076104E /* WeatherPessimistViewController.m */; };
		C2DBD40E15DF8E510076104E /* wxcodes.plist in Resources */ = {isa = PBXBuildFile; fileRef = C2DBD40D15DF8E510076104E /* wxcodes.plist */; };
/* End PBXBuildFile section */

/* Begin PBXFileReference section */
		C28DF8E8166B545200A56DA2 /* sad_clouds.png */ = {isa = PBXFileReference; lastKnownFileType = image.png; path = sad_clouds.png; sourceTree = "<group>"; };
		C28DF8E9166B545200A56DA2 /* sad_lightning.png */ = {isa = PBXFileReference; lastKnownFileType = image.png; path = sad_lightning.png; sourceTree = "<group>"; };
		C28DF8EA166B545200A56DA2 /* sad_snow.png */ = {isa = PBXFileReference; lastKnownFileType = image.png; path = sad_snow.png; sourceTree = "<group>"; };
		C28DF8EF166B74DF00A56DA2 /* fog.png */ = {isa = PBXFileReference; lastKnownFileType = image.png; path = fog.png; sourceTree = "<group>"; };
		C28DF8F1166B757500A56DA2 /* sad_ice.png */ = {isa = PBXFileReference; lastKnownFileType = image.png; path = sad_ice.png; sourceTree = "<group>"; };
		C28DF8F3166B792C00A56DA2 /* 57icon.png */ = {isa = PBXFileReference; lastKnownFileType = image.png; path = 57icon.png; sourceTree = "<group>"; };
		C28DF8F5166B793100A56DA2 /* 114icon.png */ = {isa = PBXFileReference; lastKnownFileType = image.png; path = 114icon.png; sourceTree = "<group>"; };
		C28DF8F7166B7F1300A56DA2 /* Default.png */ = {isa = PBXFileReference; lastKnownFileType = image.png; path = Default.png; sourceTree = "<group>"; };
		C28DF8F9166B7F1500A56DA2 /* Default@2x.png */ = {isa = PBXFileReference; lastKnownFileType = image.png; path = "Default@2x.png"; sourceTree = "<group>"; };
		C29E16E0166A25C400C5B7BD /* climate_class.plist */ = {isa = PBXFileReference; fileEncoding = 4; lastKnownFileType = text.plist.xml; path = climate_class.plist; sourceTree = "<group>"; };
		C29E171E166A9A7200C5B7BD /* melting_sun.png */ = {isa = PBXFileReference; lastKnownFileType = image.png; path = melting_sun.png; sourceTree = "<group>"; };
		C29E1720166A9FFF00C5B7BD /* sad_rain.png */ = {isa = PBXFileReference; lastKnownFileType = image.png; path = sad_rain.png; sourceTree = "<group>"; };
		C2A9EB57165C279700B8CAFA /* Default-568h@2x.png */ = {isa = PBXFileReference; lastKnownFileType = image.png; path = "Default-568h@2x.png"; sourceTree = "<group>"; };
		C2A9EB5A165E7DFB00B8CAFA /* WeatherData.h */ = {isa = PBXFileReference; fileEncoding = 4; lastKnownFileType = sourcecode.c.h; path = WeatherData.h; sourceTree = "<group>"; };
		C2A9EB5B165E7E8F00B8CAFA /* WeatherData.m */ = {isa = PBXFileReference; fileEncoding = 4; lastKnownFileType = sourcecode.c.objc; path = WeatherData.m; sourceTree = "<group>"; };
		C2DBD3EC15DEDE650076104E /* WeatherPessimist.app */ = {isa = PBXFileReference; explicitFileType = wrapper.application; includeInIndex = 0; path = WeatherPessimist.app; sourceTree = BUILT_PRODUCTS_DIR; };
		C2DBD3F015DEDE650076104E /* UIKit.framework */ = {isa = PBXFileReference; lastKnownFileType = wrapper.framework; name = UIKit.framework; path = System/Library/Frameworks/UIKit.framework; sourceTree = SDKROOT; };
		C2DBD3F215DEDE650076104E /* Foundation.framework */ = {isa = PBXFileReference; lastKnownFileType = wrapper.framework; name = Foundation.framework; path = System/Library/Frameworks/Foundation.framework; sourceTree = SDKROOT; };
		C2DBD3F415DEDE650076104E /* CoreGraphics.framework */ = {isa = PBXFileReference; lastKnownFileType = wrapper.framework; name = CoreGraphics.framework; path = System/Library/Frameworks/CoreGraphics.framework; sourceTree = SDKROOT; };
		C2DBD3F815DEDE650076104E /* WeatherPessimist-Info.plist */ = {isa = PBXFileReference; lastKnownFileType = text.plist.xml; path = "WeatherPessimist-Info.plist"; sourceTree = "<group>"; };
		C2DBD3FA15DEDE650076104E /* en */ = {isa = PBXFileReference; lastKnownFileType = text.plist.strings; name = en; path = en.lproj/InfoPlist.strings; sourceTree = "<group>"; };
		C2DBD3FC15DEDE650076104E /* main.m */ = {isa = PBXFileReference; lastKnownFileType = sourcecode.c.objc; path = main.m; sourceTree = "<group>"; };
		C2DBD3FE15DEDE650076104E /* WeatherPessimist-Prefix.pch */ = {isa = PBXFileReference; lastKnownFileType = sourcecode.c.h; path = "WeatherPessimist-Prefix.pch"; sourceTree = "<group>"; };
		C2DBD3FF15DEDE650076104E /* WeatherPessimistAppDelegate.h */ = {isa = PBXFileReference; lastKnownFileType = sourcecode.c.h; path = WeatherPessimistAppDelegate.h; sourceTree = "<group>"; };
		C2DBD40015DEDE650076104E /* WeatherPessimistAppDelegate.m */ = {isa = PBXFileReference; lastKnownFileType = sourcecode.c.objc; path = WeatherPessimistAppDelegate.m; sourceTree = "<group>"; };
		C2DBD40315DEDE650076104E /* en */ = {isa = PBXFileReference; lastKnownFileType = file.storyboard; name = en; path = en.lproj/MainStoryboard.storyboard; sourceTree = "<group>"; };
		C2DBD40515DEDE650076104E /* WeatherPessimistViewController.h */ = {isa = PBXFileReference; lastKnownFileType = sourcecode.c.h; path = WeatherPessimistViewController.h; sourceTree = "<group>"; };
		C2DBD40615DEDE650076104E /* WeatherPessimistViewController.m */ = {isa = PBXFileReference; lastKnownFileType = sourcecode.c.objc; path = WeatherPessimistViewController.m; sourceTree = "<group>"; };
		C2DBD40D15DF8E510076104E /* wxcodes.plist */ = {isa = PBXFileReference; fileEncoding = 4; lastKnownFileType = text.plist.xml; path = wxcodes.plist; sourceTree = "<group>"; };
/* End PBXFileReference section */

/* Begin PBXFrameworksBuildPhase section */
		C2DBD3E915DEDE650076104E /* Frameworks */ = {
			isa = PBXFrameworksBuildPhase;
			buildActionMask = 2147483647;
			files = (
				C2DBD3F115DEDE650076104E /* UIKit.framework in Frameworks */,
				C2DBD3F315DEDE650076104E /* Foundation.framework in Frameworks */,
				C2DBD3F515DEDE650076104E /* CoreGraphics.framework in Frameworks */,
			);
			runOnlyForDeploymentPostprocessing = 0;
		};
/* End PBXFrameworksBuildPhase section */

/* Begin PBXGroup section */
		C29E171D166A998700C5B7BD /* Images */ = {
			isa = PBXGroup;
			children = (
				C28DF8F1166B757500A56DA2 /* sad_ice.png */,
				C28DF8EF166B74DF00A56DA2 /* fog.png */,
				C28DF8E8166B545200A56DA2 /* sad_clouds.png */,
				C28DF8E9166B545200A56DA2 /* sad_lightning.png */,
				C28DF8EA166B545200A56DA2 /* sad_snow.png */,
				C29E1720166A9FFF00C5B7BD /* sad_rain.png */,
				C29E171E166A9A7200C5B7BD /* melting_sun.png */,
			);
			name = Images;
			sourceTree = "<group>";
		};
		C2DBD3E115DEDE650076104E = {
			isa = PBXGroup;
			children = (
				C28DF8F9166B7F1500A56DA2 /* Default@2x.png */,
				C28DF8F7166B7F1300A56DA2 /* Default.png */,
				C28DF8F5166B793100A56DA2 /* 114icon.png */,
				C28DF8F3166B792C00A56DA2 /* 57icon.png */,
				C2A9EB57165C279700B8CAFA /* Default-568h@2x.png */,
				C2DBD3F615DEDE650076104E /* WeatherPessimist */,
				C2DBD3EF15DEDE650076104E /* Frameworks */,
				C2DBD3ED15DEDE650076104E /* Products */,
			);
			sourceTree = "<group>";
		};
		C2DBD3ED15DEDE650076104E /* Products */ = {
			isa = PBXGroup;
			children = (
				C2DBD3EC15DEDE650076104E /* WeatherPessimist.app */,
			);
			name = Products;
			sourceTree = "<group>";
		};
		C2DBD3EF15DEDE650076104E /* Frameworks */ = {
			isa = PBXGroup;
			children = (
				C2DBD3F015DEDE650076104E /* UIKit.framework */,
				C2DBD3F215DEDE650076104E /* Foundation.framework */,
				C2DBD3F415DEDE650076104E /* CoreGraphics.framework */,
			);
			name = Frameworks;
			sourceTree = "<group>";
		};
		C2DBD3F615DEDE650076104E /* WeatherPessimist */ = {
			isa = PBXGroup;
			children = (
				C2DBD3FF15DEDE650076104E /* WeatherPessimistAppDelegate.h */,
				C2DBD40015DEDE650076104E /* WeatherPessimistAppDelegate.m */,
				C2DBD40215DEDE650076104E /* MainStoryboard.storyboard */,
				C2DBD40515DEDE650076104E /* WeatherPessimistViewController.h */,
				C2DBD40615DEDE650076104E /* WeatherPessimistViewController.m */,
				C2A9EB5A165E7DFB00B8CAFA /* WeatherData.h */,
				C2A9EB5B165E7E8F00B8CAFA /* WeatherData.m */,
				C2DBD40D15DF8E510076104E /* wxcodes.plist */,
				C29E16E0166A25C400C5B7BD /* climate_class.plist */,
				C29E171D166A998700C5B7BD /* Images */,
				C2DBD3F715DEDE650076104E /* Supporting Files */,
			);
			path = WeatherPessimist;
			sourceTree = "<group>";
		};
		C2DBD3F715DEDE650076104E /* Supporting Files */ = {
			isa = PBXGroup;
			children = (
				C2DBD3F815DEDE650076104E /* WeatherPessimist-Info.plist */,
				C2DBD3F915DEDE650076104E /* InfoPlist.strings */,
				C2DBD3FC15DEDE650076104E /* main.m */,
				C2DBD3FE15DEDE650076104E /* WeatherPessimist-Prefix.pch */,
			);
			name = "Supporting Files";
			sourceTree = "<group>";
		};
/* End PBXGroup section */

/* Begin PBXNativeTarget section */
		C2DBD3EB15DEDE650076104E /* WeatherPessimist */ = {
			isa = PBXNativeTarget;
			buildConfigurationList = C2DBD40A15DEDE650076104E /* Build configuration list for PBXNativeTarget "WeatherPessimist" */;
			buildPhases = (
				C2DBD3E815DEDE650076104E /* Sources */,
				C2DBD3E915DEDE650076104E /* Frameworks */,
				C2DBD3EA15DEDE650076104E /* Resources */,
			);
			buildRules = (
			);
			dependencies = (
			);
			name = WeatherPessimist;
			productName = WeatherPessimist;
			productReference = C2DBD3EC15DEDE650076104E /* WeatherPessimist.app */;
			productType = "com.apple.product-type.application";
		};
/* End PBXNativeTarget section */

/* Begin PBXProject section */
		C2DBD3E315DEDE650076104E /* Project object */ = {
			isa = PBXProject;
			attributes = {
				CLASSPREFIX = WeatherPessimist;
				LastUpgradeCheck = 0440;
				ORGANIZATIONNAME = "Cristina Luis";
			};
			buildConfigurationList = C2DBD3E615DEDE650076104E /* Build configuration list for PBXProject "WeatherPessimist" */;
			compatibilityVersion = "Xcode 3.2";
			developmentRegion = English;
			hasScannedForEncodings = 0;
			knownRegions = (
				en,
			);
			mainGroup = C2DBD3E115DEDE650076104E;
			productRefGroup = C2DBD3ED15DEDE650076104E /* Products */;
			projectDirPath = "";
			projectRoot = "";
			targets = (
				C2DBD3EB15DEDE650076104E /* WeatherPessimist */,
			);
		};
/* End PBXProject section */

/* Begin PBXResourcesBuildPhase section */
		C2DBD3EA15DEDE650076104E /* Resources */ = {
			isa = PBXResourcesBuildPhase;
			buildActionMask = 2147483647;
			files = (
				C2DBD3FB15DEDE650076104E /* InfoPlist.strings in Resources */,
				C2DBD40415DEDE650076104E /* MainStoryboard.storyboard in Resources */,
				C2DBD40E15DF8E510076104E /* wxcodes.plist in Resources */,
				C2A9EB58165C279700B8CAFA /* Default-568h@2x.png in Resources */,
				C29E16E1166A25C400C5B7BD /* climate_class.plist in Resources */,
				C29E171F166A9A7200C5B7BD /* melting_sun.png in Resources */,
				C29E1721166A9FFF00C5B7BD /* sad_rain.png in Resources */,
				C28DF8EB166B545200A56DA2 /* sad_clouds.png in Resources */,
				C28DF8EC166B545200A56DA2 /* sad_lightning.png in Resources */,
				C28DF8ED166B545200A56DA2 /* sad_snow.png in Resources */,
				C28DF8F0166B74DF00A56DA2 /* fog.png in Resources */,
				C28DF8F2166B757500A56DA2 /* sad_ice.png in Resources */,
				C28DF8F4166B792C00A56DA2 /* 57icon.png in Resources */,
				C28DF8F6166B793100A56DA2 /* 114icon.png in Resources */,
				C28DF8F8166B7F1300A56DA2 /* Default.png in Resources */,
				C28DF8FA166B7F1500A56DA2 /* Default@2x.png in Resources */,
			);
			runOnlyForDeploymentPostprocessing = 0;
		};
/* End PBXResourcesBuildPhase section */

/* Begin PBXSourcesBuildPhase section */
		C2DBD3E815DEDE650076104E /* Sources */ = {
			isa = PBXSourcesBuildPhase;
			buildActionMask = 2147483647;
			files = (
				C2DBD3FD15DEDE650076104E /* main.m in Sources */,
				C2DBD40115DEDE650076104E /* WeatherPessimistAppDelegate.m in Sources */,
				C2DBD40715DEDE650076104E /* WeatherPessimistViewController.m in Sources */,
				C2A9EB5C165E7E8F00B8CAFA /* WeatherData.m in Sources */,
			);
			runOnlyForDeploymentPostprocessing = 0;
		};
/* End PBXSourcesBuildPhase section */

/* Begin PBXVariantGroup section */
		C2DBD3F915DEDE650076104E /* InfoPlist.strings */ = {
			isa = PBXVariantGroup;
			children = (
				C2DBD3FA15DEDE650076104E /* en */,
			);
			name = InfoPlist.strings;
			sourceTree = "<group>";
		};
		C2DBD40215DEDE650076104E /* MainStoryboard.storyboard */ = {
			isa = PBXVariantGroup;
			children = (
				C2DBD40315DEDE650076104E /* en */,
			);
			name = MainStoryboard.storyboard;
			sourceTree = "<group>";
		};
/* End PBXVariantGroup section */

/* Begin XCBuildConfiguration section */
		C2DBD40815DEDE650076104E /* Debug */ = {
			isa = XCBuildConfiguration;
			buildSettings = {
				ALWAYS_SEARCH_USER_PATHS = NO;
				ARCHS = "$(ARCHS_STANDARD_32_BIT)";
				CLANG_CXX_LANGUAGE_STANDARD = "gnu++0x";
				CLANG_ENABLE_OBJC_ARC = YES;
				CLANG_WARN__DUPLICATE_METHOD_MATCH = YES;
				"CODE_SIGN_IDENTITY[sdk=iphoneos*]" = "iPhone Developer";
				COPY_PHASE_STRIP = NO;
				GCC_C_LANGUAGE_STANDARD = gnu99;
				GCC_DYNAMIC_NO_PIC = NO;
				GCC_OPTIMIZATION_LEVEL = 0;
				GCC_PREPROCESSOR_DEFINITIONS = (
					"DEBUG=1",
					"$(inherited)",
				);
				GCC_SYMBOLS_PRIVATE_EXTERN = NO;
				GCC_VERSION = com.apple.compilers.llvm.clang.1_0;
				GCC_WARN_ABOUT_RETURN_TYPE = YES;
				GCC_WARN_UNINITIALIZED_AUTOS = YES;
				GCC_WARN_UNUSED_VARIABLE = YES;
				IPHONEOS_DEPLOYMENT_TARGET = 5.1;
				SDKROOT = iphoneos;
			};
			name = Debug;
		};
		C2DBD40915DEDE650076104E /* Release */ = {
			isa = XCBuildConfiguration;
			buildSettings = {
				ALWAYS_SEARCH_USER_PATHS = NO;
				ARCHS = "$(ARCHS_STANDARD_32_BIT)";
				CLANG_CXX_LANGUAGE_STANDARD = "gnu++0x";
				CLANG_ENABLE_OBJC_ARC = YES;
				CLANG_WARN__DUPLICATE_METHOD_MATCH = YES;
				"CODE_SIGN_IDENTITY[sdk=iphoneos*]" = "iPhone Developer";
				COPY_PHASE_STRIP = YES;
				GCC_C_LANGUAGE_STANDARD = gnu99;
				GCC_VERSION = com.apple.compilers.llvm.clang.1_0;
				GCC_WARN_ABOUT_RETURN_TYPE = YES;
				GCC_WARN_UNINITIALIZED_AUTOS = YES;
				GCC_WARN_UNUSED_VARIABLE = YES;
				IPHONEOS_DEPLOYMENT_TARGET = 5.1;
				OTHER_CFLAGS = "-DNS_BLOCK_ASSERTIONS=1";
				SDKROOT = iphoneos;
				VALIDATE_PRODUCT = YES;
			};
			name = Release;
		};
		C2DBD40B15DEDE650076104E /* Debug */ = {
			isa = XCBuildConfiguration;
			buildSettings = {
				GCC_PRECOMPILE_PREFIX_HEADER = YES;
				GCC_PREFIX_HEADER = "WeatherPessimist/WeatherPessimist-Prefix.pch";
				INFOPLIST_FILE = "WeatherPessimist/WeatherPessimist-Info.plist";
				PRODUCT_NAME = "$(TARGET_NAME)";
				TARGETED_DEVICE_FAMILY = 1;
				WRAPPER_EXTENSION = app;
			};
			name = Debug;
		};
		C2DBD40C15DEDE650076104E /* Release */ = {
			isa = XCBuildConfiguration;
			buildSettings = {
				GCC_PRECOMPILE_PREFIX_HEADER = YES;
				GCC_PREFIX_HEADER = "WeatherPessimist/WeatherPessimist-Prefix.pch";
				INFOPLIST_FILE = "WeatherPessimist/WeatherPessimist-Info.plist";
				PRODUCT_NAME = "$(TARGET_NAME)";
				TARGETED_DEVICE_FAMILY = 1;
				WRAPPER_EXTENSION = app;
			};
			name = Release;
		};
/* End XCBuildConfiguration section */

/* Begin XCConfigurationList section */
		C2DBD3E615DEDE650076104E /* Build configuration list for PBXProject "WeatherPessimist" */ = {
			isa = XCConfigurationList;
			buildConfigurations = (
				C2DBD40815DEDE650076104E /* Debug */,
				C2DBD40915DEDE650076104E /* Release */,
			);
			defaultConfigurationIsVisible = 0;
			defaultConfigurationName = Release;
		};
		C2DBD40A15DEDE650076104E /* Build configuration list for PBXNativeTarget "WeatherPessimist" */ = {
			isa = XCConfigurationList;
			buildConfigurations = (
				C2DBD40B15DEDE650076104E /* Debug */,
				C2DBD40C15DEDE650076104E /* Release */,
			);
			defaultConfigurationIsVisible = 0;
			defaultConfigurationName = Release;
		};
/* End XCConfigurationList section */
	};
	rootObject = C2DBD3E315DEDE650076104E /* Project object */;
}
